
Microsoft Visual Studio Solution File, Format Version 12.00
# Visual Studio Version 16
VisualStudioVersion = 16.0.31402.337
MinimumVisualStudioVersion = 10.0.40219.1
Project("{FAE04EC0-301F-11D3-BF4B-00C04F79EFBC}") = "App4", "App4\App4.csproj", "{142FF091-3D9A-421B-8C5A-C9D9275F6A76}"
EndProject
Global
	GlobalSection(SolutionConfigurationPlatforms) = preSolution
		Debug|Any CPU = Debug|Any CPU
		Release|Any CPU = Release|Any CPU
	EndGlobalSection
	GlobalSection(ProjectConfigurationPlatforms) = postSolution
		{142FF091-3D9A-421B-8C5A-C9D9275F6A76}.Debug|Any CPU.ActiveCfg = Debug|Any CPU
		{142FF091-3D9A-421B-8C5A-C9D9275F6A76}.Debug|Any CPU.Build.0 = Debug|Any CPU
		{142FF091-3D9A-421B-8C5A-C9D9275F6A76}.Release|Any CPU.ActiveCfg = Release|Any CPU
		{142FF091-3D9A-421B-8C5A-C9D9275F6A76}.Release|Any CPU.Build.0 = Release|Any CPU
	EndGlobalSection
	GlobalSection(SolutionProperties) = preSolution
		HideSolutionNode = FALSE
	EndGlobalSection
	GlobalSection(ExtensibilityGlobals) = postSolution
		SolutionGuid = {581C892C-A634-4C58-9BFA-7749A52312AE}
	EndGlobalSection
EndGlobal
